
Microsoft Visual Studio Solution File, Format Version 12.00
# Visual Studio Version 16
VisualStudioVersion = 16.0.30717.126
MinimumVisualStudioVersion = 10.0.40219.1
Project("{FAE04EC0-301F-11D3-BF4B-00C04F79EFBC}") = "EncuestadorApp.Data", "EncuestadorApp.Data\EncuestadorApp.Data.csproj", "{BF0B0431-4971-4B2E-A350-BADE966D39C9}"
EndProject
Project("{9A19103F-16F7-4668-BE54-9A1E7A4F7556}") = "EncuestadorApp.Logic1", "EncuestadorApp.Logic1\EncuestadorApp.Logic1.csproj", "{8ED15AB0-8095-48EF-B5DB-AE8FFB69663F}"
EndProject
Global
	GlobalSection(SolutionConfigurationPlatforms) = preSolution
		Debug|Any CPU = Debug|Any CPU
		Release|Any CPU = Release|Any CPU
	EndGlobalSection
	GlobalSection(ProjectConfigurationPlatforms) = postSolution
		{BF0B0431-4971-4B2E-A350-BADE966D39C9}.Debug|Any CPU.ActiveCfg = Debug|Any CPU
		{BF0B0431-4971-4B2E-A350-BADE966D39C9}.Debug|Any CPU.Build.0 = Debug|Any CPU
		{BF0B0431-4971-4B2E-A350-BADE966D39C9}.Release|Any CPU.ActiveCfg = Release|Any CPU
		{BF0B0431-4971-4B2E-A350-BADE966D39C9}.Release|Any CPU.Build.0 = Release|Any CPU
		{8ED15AB0-8095-48EF-B5DB-AE8FFB69663F}.Debug|Any CPU.ActiveCfg = Debug|Any CPU
		{8ED15AB0-8095-48EF-B5DB-AE8FFB69663F}.Debug|Any CPU.Build.0 = Debug|Any CPU
		{8ED15AB0-8095-48EF-B5DB-AE8FFB69663F}.Release|Any CPU.ActiveCfg = Release|Any CPU
		{8ED15AB0-8095-48EF-B5DB-AE8FFB69663F}.Release|Any CPU.Build.0 = Release|Any CPU
	EndGlobalSection
	GlobalSection(SolutionProperties) = preSolution
		HideSolutionNode = FALSE
	EndGlobalSection
	GlobalSection(ExtensibilityGlobals) = postSolution
		SolutionGuid = {EECCB214-D989-4E40-9824-179E65287BE2}
	EndGlobalSection
EndGlobal
